
Microsoft Visual Studio Solution File, Format Version 12.00
# Visual Studio Version 17
VisualStudioVersion = 17.1.32328.378
MinimumVisualStudioVersion = 10.0.40219.1
Project("{2150E333-8FDC-42A3-9474-1A3956D46DE8}") = "CSharp", "CSharp", "{FB641A2A-5917-4757-8043-9567DDBB72F0}"
EndProject
Project("{9A19103F-16F7-4668-BE54-9A1E7A4F7556}") = "MemoryManagement", "CSharp\MemoryManagement\MemoryManagement.csproj", "{5368008F-71E3-4F87-BA4B-36195DBBBC97}"
EndProject
Project("{FAE04EC0-301F-11D3-BF4B-00C04F79EFBC}") = "PLinq", "CSharp\PLinq\PLinq.csproj", "{9D23B0ED-6EB6-413F-B9E3-8D600FF0E44B}"
EndProject
Project("{FAE04EC0-301F-11D3-BF4B-00C04F79EFBC}") = "AsyncProgramming", "CSharp\AsyncProgramming\AsyncProgramming.csproj", "{68EED5EA-C144-4B50-AD6C-1CF6A3DEA183}"
EndProject
Global
	GlobalSection(SolutionConfigurationPlatforms) = preSolution
		Debug|Any CPU = Debug|Any CPU
		Release|Any CPU = Release|Any CPU
	EndGlobalSection
	GlobalSection(ProjectConfigurationPlatforms) = postSolution
		{5368008F-71E3-4F87-BA4B-36195DBBBC97}.Debug|Any CPU.ActiveCfg = Debug|Any CPU
		{5368008F-71E3-4F87-BA4B-36195DBBBC97}.Debug|Any CPU.Build.0 = Debug|Any CPU
		{5368008F-71E3-4F87-BA4B-36195DBBBC97}.Release|Any CPU.ActiveCfg = Release|Any CPU
		{5368008F-71E3-4F87-BA4B-36195DBBBC97}.Release|Any CPU.Build.0 = Release|Any CPU
		{9D23B0ED-6EB6-413F-B9E3-8D600FF0E44B}.Debug|Any CPU.ActiveCfg = Debug|Any CPU
		{9D23B0ED-6EB6-413F-B9E3-8D600FF0E44B}.Debug|Any CPU.Build.0 = Debug|Any CPU
		{9D23B0ED-6EB6-413F-B9E3-8D600FF0E44B}.Release|Any CPU.ActiveCfg = Release|Any CPU
		{9D23B0ED-6EB6-413F-B9E3-8D600FF0E44B}.Release|Any CPU.Build.0 = Release|Any CPU
		{68EED5EA-C144-4B50-AD6C-1CF6A3DEA183}.Debug|Any CPU.ActiveCfg = Debug|Any CPU
		{68EED5EA-C144-4B50-AD6C-1CF6A3DEA183}.Debug|Any CPU.Build.0 = Debug|Any CPU
		{68EED5EA-C144-4B50-AD6C-1CF6A3DEA183}.Release|Any CPU.ActiveCfg = Release|Any CPU
		{68EED5EA-C144-4B50-AD6C-1CF6A3DEA183}.Release|Any CPU.Build.0 = Release|Any CPU
	EndGlobalSection
	GlobalSection(SolutionProperties) = preSolution
		HideSolutionNode = FALSE
	EndGlobalSection
	GlobalSection(NestedProjects) = preSolution
		{5368008F-71E3-4F87-BA4B-36195DBBBC97} = {FB641A2A-5917-4757-8043-9567DDBB72F0}
		{9D23B0ED-6EB6-413F-B9E3-8D600FF0E44B} = {FB641A2A-5917-4757-8043-9567DDBB72F0}
		{68EED5EA-C144-4B50-AD6C-1CF6A3DEA183} = {FB641A2A-5917-4757-8043-9567DDBB72F0}
	EndGlobalSection
	GlobalSection(ExtensibilityGlobals) = postSolution
		SolutionGuid = {A9AC5DC8-9978-47D4-893B-DA1F78D191C0}
	EndGlobalSection
EndGlobal
